
Microsoft Visual Studio Solution File, Format Version 12.00
# Visual Studio Version 17
VisualStudioVersion = 17.5.002.0
MinimumVisualStudioVersion = 10.0.40219.1
Project("{9A19103F-16F7-4668-BE54-9A1E7A4F7556}") = "SimuPrimerParcial", "SimuPrimerParcial.csproj", "{93098A78-C1CA-4BFF-A0D4-241768083DEF}"
EndProject
Global
	GlobalSection(SolutionConfigurationPlatforms) = preSolution
		Debug|Any CPU = Debug|Any CPU
		Release|Any CPU = Release|Any CPU
	EndGlobalSection
	GlobalSection(ProjectConfigurationPlatforms) = postSolution
		{93098A78-C1CA-4BFF-A0D4-241768083DEF}.Debug|Any CPU.ActiveCfg = Debug|Any CPU
		{93098A78-C1CA-4BFF-A0D4-241768083DEF}.Debug|Any CPU.Build.0 = Debug|Any CPU
		{93098A78-C1CA-4BFF-A0D4-241768083DEF}.Release|Any CPU.ActiveCfg = Release|Any CPU
		{93098A78-C1CA-4BFF-A0D4-241768083DEF}.Release|Any CPU.Build.0 = Release|Any CPU
	EndGlobalSection
	GlobalSection(SolutionProperties) = preSolution
		HideSolutionNode = FALSE
	EndGlobalSection
	GlobalSection(ExtensibilityGlobals) = postSolution
		SolutionGuid = {6FDB5ACD-8C23-44CE-8CA7-810E389BE917}
	EndGlobalSection
EndGlobal
